// !$*UTF8*$!
{
	archiveVersion = 1;
	classes = {
	};
	objectVersion = 50;
	objects = {

/* Begin PBXBuildFile section */
		A20FF2A72244F0A900610E10 /* AddWorkoutTableViewController.swift in Sources */ = {isa = PBXBuildFile; fileRef = A20FF2A62244F0A900610E10 /* AddWorkoutTableViewController.swift */; };
		A20FF2A92245249000610E10 /* TimerViewController.swift in Sources */ = {isa = PBXBuildFile; fileRef = A20FF2A82245248F00610E10 /* TimerViewController.swift */; };
		A21ECAA92242735E00A8695A /* User.swift in Sources */ = {isa = PBXBuildFile; fileRef = A21ECAA82242735E00A8695A /* User.swift */; };
		A21ECAAB2242736E00A8695A /* Workout.swift in Sources */ = {isa = PBXBuildFile; fileRef = A21ECAAA2242736E00A8695A /* Workout.swift */; };
		A21ECAAD2242737A00A8695A /* Exercise.swift in Sources */ = {isa = PBXBuildFile; fileRef = A21ECAAC2242737A00A8695A /* Exercise.swift */; };
		A21ECAB222433D5B00A8695A /* LoginViewController.swift in Sources */ = {isa = PBXBuildFile; fileRef = A21ECAB122433D5B00A8695A /* LoginViewController.swift */; };
		A21ECAB522433F5700A8695A /* InitialViewController.swift in Sources */ = {isa = PBXBuildFile; fileRef = A21ECAB422433F5700A8695A /* InitialViewController.swift */; };
		A21ECAB72243425C00A8695A /* MenuViewController.swift in Sources */ = {isa = PBXBuildFile; fileRef = A21ECAB62243425C00A8695A /* MenuViewController.swift */; };
		A21ECAB92243429500A8695A /* SignUpViewController.swift in Sources */ = {isa = PBXBuildFile; fileRef = A21ECAB82243429500A8695A /* SignUpViewController.swift */; };
		A21ECABC2243502400A8695A /* Gilroy-Medium.otf in Resources */ = {isa = PBXBuildFile; fileRef = A21ECABB2243502400A8695A /* Gilroy-Medium.otf */; };
		A21ECABE224352A100A8695A /* Gilroy-Light.otf in Resources */ = {isa = PBXBuildFile; fileRef = A21ECABD224352A100A8695A /* Gilroy-Light.otf */; };
		A21ECAC122435F3E00A8695A /* HelperExtensions.swift in Sources */ = {isa = PBXBuildFile; fileRef = A21ECAC022435F3E00A8695A /* HelperExtensions.swift */; };
		A21ECAC3224377EB00A8695A /* Gilroy-SemiBold.otf in Resources */ = {isa = PBXBuildFile; fileRef = A21ECAC2224377EB00A8695A /* Gilroy-SemiBold.otf */; };
		A21ECAC722437AD500A8695A /* RoundedWhiteButton.swift in Sources */ = {isa = PBXBuildFile; fileRef = A21ECAC622437AD500A8695A /* RoundedWhiteButton.swift */; };
		A24029832241E3EA00465AEE /* AppDelegate.swift in Sources */ = {isa = PBXBuildFile; fileRef = A24029822241E3EA00465AEE /* AppDelegate.swift */; };
		A24029882241E3EA00465AEE /* Main.storyboard in Resources */ = {isa = PBXBuildFile; fileRef = A24029862241E3EA00465AEE /* Main.storyboard */; };
		A240298A2241E3EB00465AEE /* Assets.xcassets in Resources */ = {isa = PBXBuildFile; fileRef = A24029892241E3EB00465AEE /* Assets.xcassets */; };
		A240298D2241E3EB00465AEE /* LaunchScreen.storyboard in Resources */ = {isa = PBXBuildFile; fileRef = A240298B2241E3EB00465AEE /* LaunchScreen.storyboard */; };
		A24029952241E7B900465AEE /* GoogleService-Info.plist in Resources */ = {isa = PBXBuildFile; fileRef = A24029942241E7B900465AEE /* GoogleService-Info.plist */; };
		A24029972241FE7100465AEE /* MainCollectionViewController.swift in Sources */ = {isa = PBXBuildFile; fileRef = A24029962241FE7100465AEE /* MainCollectionViewController.swift */; };
		F0544D6E8D4D4EE2AFCD5C46 /* Pods_GymSquad.framework in Frameworks */ = {isa = PBXBuildFile; fileRef = CE1ABD9FB7BC5EAB25B1BF1E /* Pods_GymSquad.framework */; };
/* End PBXBuildFile section */

/* Begin PBXFileReference section */
		8B633825DBA0A159EEBC2731 /* Pods-GymSquad.debug.xcconfig */ = {isa = PBXFileReference; includeInIndex = 1; lastKnownFileType = text.xcconfig; name = "Pods-GymSquad.debug.xcconfig"; path = "Target Support Files/Pods-GymSquad/Pods-GymSquad.debug.xcconfig"; sourceTree = "<group>"; };
		A20FF2A62244F0A900610E10 /* AddWorkoutTableViewController.swift */ = {isa = PBXFileReference; lastKnownFileType = sourcecode.swift; path = AddWorkoutTableViewController.swift; sourceTree = "<group>"; };
		A20FF2A82245248F00610E10 /* TimerViewController.swift */ = {isa = PBXFileReference; lastKnownFileType = sourcecode.swift; path = TimerViewController.swift; sourceTree = "<group>"; };
		A21ECAA82242735E00A8695A /* User.swift */ = {isa = PBXFileReference; lastKnownFileType = sourcecode.swift; path = User.swift; sourceTree = "<group>"; };
		A21ECAAA2242736E00A8695A /* Workout.swift */ = {isa = PBXFileReference; lastKnownFileType = sourcecode.swift; path = Workout.swift; sourceTree = "<group>"; };
		A21ECAAC2242737A00A8695A /* Exercise.swift */ = {isa = PBXFileReference; lastKnownFileType = sourcecode.swift; path = Exercise.swift; sourceTree = "<group>"; };
		A21ECAB02243268C00A8695A /* GymSquad.entitlements */ = {isa = PBXFileReference; lastKnownFileType = text.plist.entitlements; path = GymSquad.entitlements; sourceTree = "<group>"; };
		A21ECAB122433D5B00A8695A /* LoginViewController.swift */ = {isa = PBXFileReference; lastKnownFileType = sourcecode.swift; path = LoginViewController.swift; sourceTree = "<group>"; };
		A21ECAB422433F5700A8695A /* InitialViewController.swift */ = {isa = PBXFileReference; lastKnownFileType = sourcecode.swift; path = InitialViewController.swift; sourceTree = "<group>"; };
		A21ECAB62243425C00A8695A /* MenuViewController.swift */ = {isa = PBXFileReference; lastKnownFileType = sourcecode.swift; path = MenuViewController.swift; sourceTree = "<group>"; };
		A21ECAB82243429500A8695A /* SignUpViewController.swift */ = {isa = PBXFileReference; lastKnownFileType = sourcecode.swift; path = SignUpViewController.swift; sourceTree = "<group>"; };
		A21ECABB2243502400A8695A /* Gilroy-Medium.otf */ = {isa = PBXFileReference; lastKnownFileType = file; path = "Gilroy-Medium.otf"; sourceTree = "<group>"; };
		A21ECABD224352A100A8695A /* Gilroy-Light.otf */ = {isa = PBXFileReference; lastKnownFileType = file; path = "Gilroy-Light.otf"; sourceTree = "<group>"; };
		A21ECAC022435F3E00A8695A /* HelperExtensions.swift */ = {isa = PBXFileReference; lastKnownFileType = sourcecode.swift; path = HelperExtensions.swift; sourceTree = "<group>"; };
		A21ECAC2224377EB00A8695A /* Gilroy-SemiBold.otf */ = {isa = PBXFileReference; lastKnownFileType = file; path = "Gilroy-SemiBold.otf"; sourceTree = "<group>"; };
		A21ECAC622437AD500A8695A /* RoundedWhiteButton.swift */ = {isa = PBXFileReference; lastKnownFileType = sourcecode.swift; path = RoundedWhiteButton.swift; sourceTree = "<group>"; };
		A240297F2241E3EA00465AEE /* GymSquad.app */ = {isa = PBXFileReference; explicitFileType = wrapper.application; includeInIndex = 0; path = GymSquad.app; sourceTree = BUILT_PRODUCTS_DIR; };
		A24029822241E3EA00465AEE /* AppDelegate.swift */ = {isa = PBXFileReference; lastKnownFileType = sourcecode.swift; path = AppDelegate.swift; sourceTree = "<group>"; };
		A24029872241E3EA00465AEE /* Base */ = {isa = PBXFileReference; lastKnownFileType = file.storyboard; name = Base; path = Base.lproj/Main.storyboard; sourceTree = "<group>"; };
		A24029892241E3EB00465AEE /* Assets.xcassets */ = {isa = PBXFileReference; lastKnownFileType = folder.assetcatalog; path = Assets.xcassets; sourceTree = "<group>"; };
		A240298C2241E3EB00465AEE /* Base */ = {isa = PBXFileReference; lastKnownFileType = file.storyboard; name = Base; path = Base.lproj/LaunchScreen.storyboard; sourceTree = "<group>"; };
		A240298E2241E3EB00465AEE /* Info.plist */ = {isa = PBXFileReference; lastKnownFileType = text.plist.xml; path = Info.plist; sourceTree = "<group>"; };
		A24029942241E7B900465AEE /* GoogleService-Info.plist */ = {isa = PBXFileReference; fileEncoding = 4; lastKnownFileType = text.plist.xml; path = "GoogleService-Info.plist"; sourceTree = "<group>"; };
		A24029962241FE7100465AEE /* MainCollectionViewController.swift */ = {isa = PBXFileReference; lastKnownFileType = sourcecode.swift; path = MainCollectionViewController.swift; sourceTree = "<group>"; };
		CE1ABD9FB7BC5EAB25B1BF1E /* Pods_GymSquad.framework */ = {isa = PBXFileReference; explicitFileType = wrapper.framework; includeInIndex = 0; path = Pods_GymSquad.framework; sourceTree = BUILT_PRODUCTS_DIR; };
		EA87B42A76AD90D700AD64C3 /* Pods-GymSquad.release.xcconfig */ = {isa = PBXFileReference; includeInIndex = 1; lastKnownFileType = text.xcconfig; name = "Pods-GymSquad.release.xcconfig"; path = "Target Support Files/Pods-GymSquad/Pods-GymSquad.release.xcconfig"; sourceTree = "<group>"; };
/* End PBXFileReference section */

/* Begin PBXFrameworksBuildPhase section */
		A240297C2241E3EA00465AEE /* Frameworks */ = {
			isa = PBXFrameworksBuildPhase;
			buildActionMask = 2147483647;
			files = (
				F0544D6E8D4D4EE2AFCD5C46 /* Pods_GymSquad.framework in Frameworks */,
			);
			runOnlyForDeploymentPostprocessing = 0;
		};
/* End PBXFrameworksBuildPhase section */

/* Begin PBXGroup section */
		52A5EA2DD6BD866310D8F5C9 /* Pods */ = {
			isa = PBXGroup;
			children = (
				8B633825DBA0A159EEBC2731 /* Pods-GymSquad.debug.xcconfig */,
				EA87B42A76AD90D700AD64C3 /* Pods-GymSquad.release.xcconfig */,
			);
			path = Pods;
			sourceTree = "<group>";
		};
		A21ECAA72242733400A8695A /* Models */ = {
			isa = PBXGroup;
			children = (
				A21ECAA82242735E00A8695A /* User.swift */,
				A21ECAAA2242736E00A8695A /* Workout.swift */,
				A21ECAAC2242737A00A8695A /* Exercise.swift */,
			);
			path = Models;
			sourceTree = "<group>";
		};
		A21ECAB322433D7500A8695A /* Views */ = {
			isa = PBXGroup;
			children = (
				A21ECAB422433F5700A8695A /* InitialViewController.swift */,
				A21ECAB62243425C00A8695A /* MenuViewController.swift */,
				A21ECAB122433D5B00A8695A /* LoginViewController.swift */,
				A21ECAB82243429500A8695A /* SignUpViewController.swift */,
				A24029962241FE7100465AEE /* MainCollectionViewController.swift */,
				A20FF2A62244F0A900610E10 /* AddWorkoutTableViewController.swift */,
				A20FF2A82245248F00610E10 /* TimerViewController.swift */,
			);
			path = Views;
			sourceTree = "<group>";
		};
		A21ECABA22434C7400A8695A /* Fonts */ = {
			isa = PBXGroup;
			children = (
				A21ECAC2224377EB00A8695A /* Gilroy-SemiBold.otf */,
				A21ECABB2243502400A8695A /* Gilroy-Medium.otf */,
				A21ECABD224352A100A8695A /* Gilroy-Light.otf */,
			);
			path = Fonts;
			sourceTree = "<group>";
		};
		A21ECABF22435F2F00A8695A /* Helpers */ = {
			isa = PBXGroup;
			children = (
				A21ECAC022435F3E00A8695A /* HelperExtensions.swift */,
				A21ECAC622437AD500A8695A /* RoundedWhiteButton.swift */,
			);
			path = Helpers;
			sourceTree = "<group>";
		};
		A24029762241E3EA00465AEE = {
			isa = PBXGroup;
			children = (
				A24029812241E3EA00465AEE /* GymSquad */,
				A24029802241E3EA00465AEE /* Products */,
				52A5EA2DD6BD866310D8F5C9 /* Pods */,
				B8AB0652106F851961E45D6C /* Frameworks */,
			);
			sourceTree = "<group>";
		};
		A24029802241E3EA00465AEE /* Products */ = {
			isa = PBXGroup;
			children = (
				A240297F2241E3EA00465AEE /* GymSquad.app */,
			);
			name = Products;
			sourceTree = "<group>";
		};
		A24029812241E3EA00465AEE /* GymSquad */ = {
			isa = PBXGroup;
			children = (
				A24029822241E3EA00465AEE /* AppDelegate.swift */,
				A21ECAA72242733400A8695A /* Models */,
				A21ECAB322433D7500A8695A /* Views */,
				A21ECABF22435F2F00A8695A /* Helpers */,
				A24029862241E3EA00465AEE /* Main.storyboard */,
				A240298B2241E3EB00465AEE /* LaunchScreen.storyboard */,
				A24029892241E3EB00465AEE /* Assets.xcassets */,
				A21ECAB02243268C00A8695A /* GymSquad.entitlements */,
				A240298E2241E3EB00465AEE /* Info.plist */,
				A24029942241E7B900465AEE /* GoogleService-Info.plist */,
				A21ECABA22434C7400A8695A /* Fonts */,
			);
			path = GymSquad;
			sourceTree = "<group>";
		};
		B8AB0652106F851961E45D6C /* Frameworks */ = {
			isa = PBXGroup;
			children = (
				CE1ABD9FB7BC5EAB25B1BF1E /* Pods_GymSquad.framework */,
			);
			name = Frameworks;
			sourceTree = "<group>";
		};
/* End PBXGroup section */

/* Begin PBXNativeTarget section */
		A240297E2241E3EA00465AEE /* GymSquad */ = {
			isa = PBXNativeTarget;
			buildConfigurationList = A24029912241E3EB00465AEE /* Build configuration list for PBXNativeTarget "GymSquad" */;
			buildPhases = (
				8FEA9269C05258620E2F2AC2 /* [CP] Check Pods Manifest.lock */,
				A240297B2241E3EA00465AEE /* Sources */,
				A240297C2241E3EA00465AEE /* Frameworks */,
				A240297D2241E3EA00465AEE /* Resources */,
				D6EE57628B59C2E37D69475C /* [CP] Embed Pods Frameworks */,
			);
			buildRules = (
			);
			dependencies = (
			);
			name = GymSquad;
			productName = GymSquad;
			productReference = A240297F2241E3EA00465AEE /* GymSquad.app */;
			productType = "com.apple.product-type.application";
		};
/* End PBXNativeTarget section */

/* Begin PBXProject section */
		A24029772241E3EA00465AEE /* Project object */ = {
			isa = PBXProject;
			attributes = {
				LastSwiftUpdateCheck = 1010;
				LastUpgradeCheck = 1010;
				ORGANIZATIONNAME = "Angel Buenrostro";
				TargetAttributes = {
					A240297E2241E3EA00465AEE = {
						CreatedOnToolsVersion = 10.1;
						SystemCapabilities = {
							com.apple.Push = {
								enabled = 1;
							};
						};
					};
				};
			};
			buildConfigurationList = A240297A2241E3EA00465AEE /* Build configuration list for PBXProject "GymSquad" */;
			compatibilityVersion = "Xcode 9.3";
			developmentRegion = en;
			hasScannedForEncodings = 0;
			knownRegions = (
				en,
				Base,
			);
			mainGroup = A24029762241E3EA00465AEE;
			productRefGroup = A24029802241E3EA00465AEE /* Products */;
			projectDirPath = "";
			projectRoot = "";
			targets = (
				A240297E2241E3EA00465AEE /* GymSquad */,
			);
		};
/* End PBXProject section */

/* Begin PBXResourcesBuildPhase section */
		A240297D2241E3EA00465AEE /* Resources */ = {
			isa = PBXResourcesBuildPhase;
			buildActionMask = 2147483647;
			files = (
				A21ECAC3224377EB00A8695A /* Gilroy-SemiBold.otf in Resources */,
				A240298D2241E3EB00465AEE /* LaunchScreen.storyboard in Resources */,
				A24029952241E7B900465AEE /* GoogleService-Info.plist in Resources */,
				A21ECABE224352A100A8695A /* Gilroy-Light.otf in Resources */,
				A21ECABC2243502400A8695A /* Gilroy-Medium.otf in Resources */,
				A240298A2241E3EB00465AEE /* Assets.xcassets in Resources */,
				A24029882241E3EA00465AEE /* Main.storyboard in Resources */,
			);
			runOnlyForDeploymentPostprocessing = 0;
		};
/* End PBXResourcesBuildPhase section */

/* Begin PBXShellScriptBuildPhase section */
		8FEA9269C05258620E2F2AC2 /* [CP] Check Pods Manifest.lock */ = {
			isa = PBXShellScriptBuildPhase;
			buildActionMask = 2147483647;
			files = (
			);
			inputFileListPaths = (
			);
			inputPaths = (
				"${PODS_PODFILE_DIR_PATH}/Podfile.lock",
				"${PODS_ROOT}/Manifest.lock",
			);
			name = "[CP] Check Pods Manifest.lock";
			outputFileListPaths = (
			);
			outputPaths = (
				"$(DERIVED_FILE_DIR)/Pods-GymSquad-checkManifestLockResult.txt",
			);
			runOnlyForDeploymentPostprocessing = 0;
			shellPath = /bin/sh;
			shellScript = "diff \"${PODS_PODFILE_DIR_PATH}/Podfile.lock\" \"${PODS_ROOT}/Manifest.lock\" > /dev/null\nif [ $? != 0 ] ; then\n    # print error to STDERR\n    echo \"error: The sandbox is not in sync with the Podfile.lock. Run 'pod install' or update your CocoaPods installation.\" >&2\n    exit 1\nfi\n# This output is used by Xcode 'outputs' to avoid re-running this script phase.\necho \"SUCCESS\" > \"${SCRIPT_OUTPUT_FILE_0}\"\n";
			showEnvVarsInLog = 0;
		};
		D6EE57628B59C2E37D69475C /* [CP] Embed Pods Frameworks */ = {
			isa = PBXShellScriptBuildPhase;
			buildActionMask = 2147483647;
			files = (
			);
			inputFileListPaths = (
			);
			inputPaths = (
				"${PODS_ROOT}/Target Support Files/Pods-GymSquad/Pods-GymSquad-frameworks.sh",
				"${BUILT_PRODUCTS_DIR}/BoringSSL-GRPC/openssl_grpc.framework",
				"${BUILT_PRODUCTS_DIR}/GTMSessionFetcher/GTMSessionFetcher.framework",
				"${BUILT_PRODUCTS_DIR}/GoogleUtilities/GoogleUtilities.framework",
				"${BUILT_PRODUCTS_DIR}/Protobuf/Protobuf.framework",
				"${BUILT_PRODUCTS_DIR}/gRPC-C++/grpcpp.framework",
				"${BUILT_PRODUCTS_DIR}/gRPC-Core/grpc.framework",
				"${BUILT_PRODUCTS_DIR}/leveldb-library/leveldb.framework",
				"${BUILT_PRODUCTS_DIR}/nanopb/nanopb.framework",
			);
			name = "[CP] Embed Pods Frameworks";
			outputFileListPaths = (
			);
			outputPaths = (
				"${TARGET_BUILD_DIR}/${FRAMEWORKS_FOLDER_PATH}/openssl_grpc.framework",
				"${TARGET_BUILD_DIR}/${FRAMEWORKS_FOLDER_PATH}/GTMSessionFetcher.framework",
				"${TARGET_BUILD_DIR}/${FRAMEWORKS_FOLDER_PATH}/GoogleUtilities.framework",
				"${TARGET_BUILD_DIR}/${FRAMEWORKS_FOLDER_PATH}/Protobuf.framework",
				"${TARGET_BUILD_DIR}/${FRAMEWORKS_FOLDER_PATH}/grpcpp.framework",
				"${TARGET_BUILD_DIR}/${FRAMEWORKS_FOLDER_PATH}/grpc.framework",
				"${TARGET_BUILD_DIR}/${FRAMEWORKS_FOLDER_PATH}/leveldb.framework",
				"${TARGET_BUILD_DIR}/${FRAMEWORKS_FOLDER_PATH}/nanopb.framework",
			);
			runOnlyForDeploymentPostprocessing = 0;
			shellPath = /bin/sh;
			shellScript = "\"${PODS_ROOT}/Target Support Files/Pods-GymSquad/Pods-GymSquad-frameworks.sh\"\n";
			showEnvVarsInLog = 0;
		};
/* End PBXShellScriptBuildPhase section */

/* Begin PBXSourcesBuildPhase section */
		A240297B2241E3EA00465AEE /* Sources */ = {
			isa = PBXSourcesBuildPhase;
			buildActionMask = 2147483647;
			files = (
				A21ECAB222433D5B00A8695A /* LoginViewController.swift in Sources */,
				A21ECAC122435F3E00A8695A /* HelperExtensions.swift in Sources */,
				A21ECAAD2242737A00A8695A /* Exercise.swift in Sources */,
				A24029832241E3EA00465AEE /* AppDelegate.swift in Sources */,
				A21ECAC722437AD500A8695A /* RoundedWhiteButton.swift in Sources */,
				A21ECAB92243429500A8695A /* SignUpViewController.swift in Sources */,
				A21ECAB72243425C00A8695A /* MenuViewController.swift in Sources */,
				A20FF2A72244F0A900610E10 /* AddWorkoutTableViewController.swift in Sources */,
				A24029972241FE7100465AEE /* MainCollectionViewController.swift in Sources */,
				A21ECAA92242735E00A8695A /* User.swift in Sources */,
				A20FF2A92245249000610E10 /* TimerViewController.swift in Sources */,
				A21ECAAB2242736E00A8695A /* Workout.swift in Sources */,
				A21ECAB522433F5700A8695A /* InitialViewController.swift in Sources */,
			);
			runOnlyForDeploymentPostprocessing = 0;
		};
/* End PBXSourcesBuildPhase section */

/* Begin PBXVariantGroup section */
		A24029862241E3EA00465AEE /* Main.storyboard */ = {
			isa = PBXVariantGroup;
			children = (
				A24029872241E3EA00465AEE /* Base */,
			);
			name = Main.storyboard;
			sourceTree = "<group>";
		};
		A240298B2241E3EB00465AEE /* LaunchScreen.storyboard */ = {
			isa = PBXVariantGroup;
			children = (
				A240298C2241E3EB00465AEE /* Base */,
			);
			name = LaunchScreen.storyboard;
			sourceTree = "<group>";
		};
/* End PBXVariantGroup section */

/* Begin XCBuildConfiguration section */
		A240298F2241E3EB00465AEE /* Debug */ = {
			isa = XCBuildConfiguration;
			buildSettings = {
				ALWAYS_SEARCH_USER_PATHS = NO;
				CLANG_ANALYZER_NONNULL = YES;
				CLANG_ANALYZER_NUMBER_OBJECT_CONVERSION = YES_AGGRESSIVE;
				CLANG_CXX_LANGUAGE_STANDARD = "gnu++14";
				CLANG_CXX_LIBRARY = "libc++";
				CLANG_ENABLE_MODULES = YES;
				CLANG_ENABLE_OBJC_ARC = YES;
				CLANG_ENABLE_OBJC_WEAK = YES;
				CLANG_WARN_BLOCK_CAPTURE_AUTORELEASING = YES;
				CLANG_WARN_BOOL_CONVERSION = YES;
				CLANG_WARN_COMMA = YES;
				CLANG_WARN_CONSTANT_CONVERSION = YES;
				CLANG_WARN_DEPRECATED_OBJC_IMPLEMENTATIONS = YES;
				CLANG_WARN_DIRECT_OBJC_ISA_USAGE = YES_ERROR;
				CLANG_WARN_DOCUMENTATION_COMMENTS = YES;
				CLANG_WARN_EMPTY_BODY = YES;
				CLANG_WARN_ENUM_CONVERSION = YES;
				CLANG_WARN_INFINITE_RECURSION = YES;
				CLANG_WARN_INT_CONVERSION = YES;
				CLANG_WARN_NON_LITERAL_NULL_CONVERSION = YES;
				CLANG_WARN_OBJC_IMPLICIT_RETAIN_SELF = YES;
				CLANG_WARN_OBJC_LITERAL_CONVERSION = YES;
				CLANG_WARN_OBJC_ROOT_CLASS = YES_ERROR;
				CLANG_WARN_RANGE_LOOP_ANALYSIS = YES;
				CLANG_WARN_STRICT_PROTOTYPES = YES;
				CLANG_WARN_SUSPICIOUS_MOVE = YES;
				CLANG_WARN_UNGUARDED_AVAILABILITY = YES_AGGRESSIVE;
				CLANG_WARN_UNREACHABLE_CODE = YES;
				CLANG_WARN__DUPLICATE_METHOD_MATCH = YES;
				CODE_SIGN_IDENTITY = "iPhone Developer";
				COPY_PHASE_STRIP = NO;
				DEBUG_INFORMATION_FORMAT = dwarf;
				ENABLE_STRICT_OBJC_MSGSEND = YES;
				ENABLE_TESTABILITY = YES;
				GCC_C_LANGUAGE_STANDARD = gnu11;
				GCC_DYNAMIC_NO_PIC = NO;
				GCC_NO_COMMON_BLOCKS = YES;
				GCC_OPTIMIZATION_LEVEL = 0;
				GCC_PREPROCESSOR_DEFINITIONS = (
					"DEBUG=1",
					"$(inherited)",
				);
				GCC_WARN_64_TO_32_BIT_CONVERSION = YES;
				GCC_WARN_ABOUT_RETURN_TYPE = YES_ERROR;
				GCC_WARN_UNDECLARED_SELECTOR = YES;
				GCC_WARN_UNINITIALIZED_AUTOS = YES_AGGRESSIVE;
				GCC_WARN_UNUSED_FUNCTION = YES;
				GCC_WARN_UNUSED_VARIABLE = YES;
				IPHONEOS_DEPLOYMENT_TARGET = 12.1;
				MTL_ENABLE_DEBUG_INFO = INCLUDE_SOURCE;
				MTL_FAST_MATH = YES;
				ONLY_ACTIVE_ARCH = YES;
				SDKROOT = iphoneos;
				SWIFT_ACTIVE_COMPILATION_CONDITIONS = DEBUG;
				SWIFT_OPTIMIZATION_LEVEL = "-Onone";
			};
			name = Debug;
		};
		A24029902241E3EB00465AEE /* Release */ = {
			isa = XCBuildConfiguration;
			buildSettings = {
				ALWAYS_SEARCH_USER_PATHS = NO;
				CLANG_ANALYZER_NONNULL = YES;
				CLANG_ANALYZER_NUMBER_OBJECT_CONVERSION = YES_AGGRESSIVE;
				CLANG_CXX_LANGUAGE_STANDARD = "gnu++14";
				CLANG_CXX_LIBRARY = "libc++";
				CLANG_ENABLE_MODULES = YES;
				CLANG_ENABLE_OBJC_ARC = YES;
				CLANG_ENABLE_OBJC_WEAK = YES;
				CLANG_WARN_BLOCK_CAPTURE_AUTORELEASING = YES;
				CLANG_WARN_BOOL_CONVERSION = YES;
				CLANG_WARN_COMMA = YES;
				CLANG_WARN_CONSTANT_CONVERSION = YES;
				CLANG_WARN_DEPRECATED_OBJC_IMPLEMENTATIONS = YES;
				CLANG_WARN_DIRECT_OBJC_ISA_USAGE = YES_ERROR;
				CLANG_WARN_DOCUMENTATION_COMMENTS = YES;
				CLANG_WARN_EMPTY_BODY = YES;
				CLANG_WARN_ENUM_CONVERSION = YES;
				CLANG_WARN_INFINITE_RECURSION = YES;
				CLANG_WARN_INT_CONVERSION = YES;
				CLANG_WARN_NON_LITERAL_NULL_CONVERSION = YES;
				CLANG_WARN_OBJC_IMPLICIT_RETAIN_SELF = YES;
				CLANG_WARN_OBJC_LITERAL_CONVERSION = YES;
				CLANG_WARN_OBJC_ROOT_CLASS = YES_ERROR;
				CLANG_WARN_RANGE_LOOP_ANALYSIS = YES;
				CLANG_WARN_STRICT_PROTOTYPES = YES;
				CLANG_WARN_SUSPICIOUS_MOVE = YES;
				CLANG_WARN_UNGUARDED_AVAILABILITY = YES_AGGRESSIVE;
				CLANG_WARN_UNREACHABLE_CODE = YES;
				CLANG_WARN__DUPLICATE_METHOD_MATCH = YES;
				CODE_SIGN_IDENTITY = "iPhone Developer";
				COPY_PHASE_STRIP = NO;
				DEBUG_INFORMATION_FORMAT = "dwarf-with-dsym";
				ENABLE_NS_ASSERTIONS = NO;
				ENABLE_STRICT_OBJC_MSGSEND = YES;
				GCC_C_LANGUAGE_STANDARD = gnu11;
				GCC_NO_COMMON_BLOCKS = YES;
				GCC_WARN_64_TO_32_BIT_CONVERSION = YES;
				GCC_WARN_ABOUT_RETURN_TYPE = YES_ERROR;
				GCC_WARN_UNDECLARED_SELECTOR = YES;
				GCC_WARN_UNINITIALIZED_AUTOS = YES_AGGRESSIVE;
				GCC_WARN_UNUSED_FUNCTION = YES;
				GCC_WARN_UNUSED_VARIABLE = YES;
				IPHONEOS_DEPLOYMENT_TARGET = 12.1;
				MTL_ENABLE_DEBUG_INFO = NO;
				MTL_FAST_MATH = YES;
				SDKROOT = iphoneos;
				SWIFT_COMPILATION_MODE = wholemodule;
				SWIFT_OPTIMIZATION_LEVEL = "-O";
				VALIDATE_PRODUCT = YES;
			};
			name = Release;
		};
		A24029922241E3EB00465AEE /* Debug */ = {
			isa = XCBuildConfiguration;
			baseConfigurationReference = 8B633825DBA0A159EEBC2731 /* Pods-GymSquad.debug.xcconfig */;
			buildSettings = {
				ASSETCATALOG_COMPILER_APPICON_NAME = AppIcon;
				CODE_SIGN_ENTITLEMENTS = GymSquad/GymSquad.entitlements;
				CODE_SIGN_STYLE = Automatic;
				DEVELOPMENT_TEAM = HEVSJ2C5DD;
				INFOPLIST_FILE = GymSquad/Info.plist;
				LD_RUNPATH_SEARCH_PATHS = (
					"$(inherited)",
					"@executable_path/Frameworks",
				);
				PRODUCT_BUNDLE_IDENTIFIER = angel.GymSquad;
				PRODUCT_NAME = "$(TARGET_NAME)";
				SWIFT_VERSION = 4.2;
				TARGETED_DEVICE_FAMILY = "1,2";
			};
			name = Debug;
		};
		A24029932241E3EB00465AEE /* Release */ = {
			isa = XCBuildConfiguration;
			baseConfigurationReference = EA87B42A76AD90D700AD64C3 /* Pods-GymSquad.release.xcconfig */;
			buildSettings = {
				ASSETCATALOG_COMPILER_APPICON_NAME = AppIcon;
				CODE_SIGN_ENTITLEMENTS = GymSquad/GymSquad.entitlements;
				CODE_SIGN_STYLE = Automatic;
				DEVELOPMENT_TEAM = HEVSJ2C5DD;
				INFOPLIST_FILE = GymSquad/Info.plist;
				LD_RUNPATH_SEARCH_PATHS = (
					"$(inherited)",
					"@executable_path/Frameworks",
				);
				PRODUCT_BUNDLE_IDENTIFIER = angel.GymSquad;
				PRODUCT_NAME = "$(TARGET_NAME)";
				SWIFT_VERSION = 4.2;
				TARGETED_DEVICE_FAMILY = "1,2";
			};
			name = Release;
		};
/* End XCBuildConfiguration section */

/* Begin XCConfigurationList section */
		A240297A2241E3EA00465AEE /* Build configuration list for PBXProject "GymSquad" */ = {
			isa = XCConfigurationList;
			buildConfigurations = (
				A240298F2241E3EB00465AEE /* Debug */,
				A24029902241E3EB00465AEE /* Release */,
			);
			defaultConfigurationIsVisible = 0;
			defaultConfigurationName = Release;
		};
		A24029912241E3EB00465AEE /* Build configuration list for PBXNativeTarget "GymSquad" */ = {
			isa = XCConfigurationList;
			buildConfigurations = (
				A24029922241E3EB00465AEE /* Debug */,
				A24029932241E3EB00465AEE /* Release */,
			);
			defaultConfigurationIsVisible = 0;
			defaultConfigurationName = Release;
		};
/* End XCConfigurationList section */
	};
	rootObject = A24029772241E3EA00465AEE /* Project object */;
}
